// !$*UTF8*$!
{
	archiveVersion = 1;
	classes = {
	};
	objectVersion = 46;
	objects = {

/* Begin PBXBuildFile section */
		524B8AD81EBB27F100AFD1EC /* AppDelegate.swift in Sources */ = {isa = PBXBuildFile; fileRef = 524B8AD71EBB27F100AFD1EC /* AppDelegate.swift */; };
		524B8ADC1EBB27F100AFD1EC /* Actions.sks in Resources */ = {isa = PBXBuildFile; fileRef = 524B8ADB1EBB27F100AFD1EC /* Actions.sks */; };
		524B8ADE1EBB27F100AFD1EC /* GameScene.swift in Sources */ = {isa = PBXBuildFile; fileRef = 524B8ADD1EBB27F100AFD1EC /* GameScene.swift */; };
		524B8AE31EBB27F100AFD1EC /* Main.storyboard in Resources */ = {isa = PBXBuildFile; fileRef = 524B8AE11EBB27F100AFD1EC /* Main.storyboard */; };
		524B8AE51EBB27F100AFD1EC /* Assets.xcassets in Resources */ = {isa = PBXBuildFile; fileRef = 524B8AE41EBB27F100AFD1EC /* Assets.xcassets */; };
		524B8AE81EBB27F100AFD1EC /* LaunchScreen.storyboard in Resources */ = {isa = PBXBuildFile; fileRef = 524B8AE61EBB27F100AFD1EC /* LaunchScreen.storyboard */; };
		524B8AF11EBB28AE00AFD1EC /* MainMenu.sks in Resources */ = {isa = PBXBuildFile; fileRef = 524B8AF01EBB28AE00AFD1EC /* MainMenu.sks */; };
		524B8AF51EBB28EA00AFD1EC /* MainMenuScene.swift in Sources */ = {isa = PBXBuildFile; fileRef = 524B8AF41EBB28EA00AFD1EC /* MainMenuScene.swift */; };
		524B8AF71EBB2B3A00AFD1EC /* GameplayScene.sks in Resources */ = {isa = PBXBuildFile; fileRef = 524B8AF61EBB2B3A00AFD1EC /* GameplayScene.sks */; };
		524B8AFA1EBB2B8800AFD1EC /* GameplaySceneClass.swift in Sources */ = {isa = PBXBuildFile; fileRef = 524B8AF91EBB2B8800AFD1EC /* GameplaySceneClass.swift */; };
		524B8AFC1EBB32EB00AFD1EC /* GameViewController.swift in Sources */ = {isa = PBXBuildFile; fileRef = 524B8AFB1EBB32EB00AFD1EC /* GameViewController.swift */; };
		524B8AFF1EBB395A00AFD1EC /* Player.swift in Sources */ = {isa = PBXBuildFile; fileRef = 524B8AFE1EBB395A00AFD1EC /* Player.swift */; };
		524B8B021EBB49F900AFD1EC /* ItemController.swift in Sources */ = {isa = PBXBuildFile; fileRef = 524B8B011EBB49F900AFD1EC /* ItemController.swift */; };
/* End PBXBuildFile section */

/* Begin PBXFileReference section */
		524B8AD41EBB27F100AFD1EC /* FunkyFish.app */ = {isa = PBXFileReference; explicitFileType = wrapper.application; includeInIndex = 0; path = FunkyFish.app; sourceTree = BUILT_PRODUCTS_DIR; };
		524B8AD71EBB27F100AFD1EC /* AppDelegate.swift */ = {isa = PBXFileReference; lastKnownFileType = sourcecode.swift; path = AppDelegate.swift; sourceTree = "<group>"; };
		524B8ADB1EBB27F100AFD1EC /* Actions.sks */ = {isa = PBXFileReference; lastKnownFileType = file.sks; path = Actions.sks; sourceTree = "<group>"; };
		524B8ADD1EBB27F100AFD1EC /* GameScene.swift */ = {isa = PBXFileReference; lastKnownFileType = sourcecode.swift; path = GameScene.swift; sourceTree = "<group>"; };
		524B8AE21EBB27F100AFD1EC /* Base */ = {isa = PBXFileReference; lastKnownFileType = file.storyboard; name = Base; path = Base.lproj/Main.storyboard; sourceTree = "<group>"; };
		524B8AE41EBB27F100AFD1EC /* Assets.xcassets */ = {isa = PBXFileReference; lastKnownFileType = folder.assetcatalog; path = Assets.xcassets; sourceTree = "<group>"; };
		524B8AE71EBB27F100AFD1EC /* Base */ = {isa = PBXFileReference; lastKnownFileType = file.storyboard; name = Base; path = Base.lproj/LaunchScreen.storyboard; sourceTree = "<group>"; };
		524B8AE91EBB27F100AFD1EC /* Info.plist */ = {isa = PBXFileReference; lastKnownFileType = text.plist.xml; path = Info.plist; sourceTree = "<group>"; };
		524B8AF01EBB28AE00AFD1EC /* MainMenu.sks */ = {isa = PBXFileReference; lastKnownFileType = file.sks; path = MainMenu.sks; sourceTree = "<group>"; };
		524B8AF41EBB28EA00AFD1EC /* MainMenuScene.swift */ = {isa = PBXFileReference; fileEncoding = 4; lastKnownFileType = sourcecode.swift; path = MainMenuScene.swift; sourceTree = "<group>"; };
		524B8AF61EBB2B3A00AFD1EC /* GameplayScene.sks */ = {isa = PBXFileReference; lastKnownFileType = file.sks; path = GameplayScene.sks; sourceTree = "<group>"; };
		524B8AF91EBB2B8800AFD1EC /* GameplaySceneClass.swift */ = {isa = PBXFileReference; fileEncoding = 4; lastKnownFileType = sourcecode.swift; path = GameplaySceneClass.swift; sourceTree = "<group>"; };
		524B8AFB1EBB32EB00AFD1EC /* GameViewController.swift */ = {isa = PBXFileReference; fileEncoding = 4; lastKnownFileType = sourcecode.swift; path = GameViewController.swift; sourceTree = "<group>"; };
		524B8AFE1EBB395A00AFD1EC /* Player.swift */ = {isa = PBXFileReference; fileEncoding = 4; lastKnownFileType = sourcecode.swift; path = Player.swift; sourceTree = "<group>"; };
		524B8B011EBB49F900AFD1EC /* ItemController.swift */ = {isa = PBXFileReference; fileEncoding = 4; lastKnownFileType = sourcecode.swift; path = ItemController.swift; sourceTree = "<group>"; };
/* End PBXFileReference section */

/* Begin PBXFrameworksBuildPhase section */
		524B8AD11EBB27F100AFD1EC /* Frameworks */ = {
			isa = PBXFrameworksBuildPhase;
			buildActionMask = 2147483647;
			files = (
			);
			runOnlyForDeploymentPostprocessing = 0;
		};
/* End PBXFrameworksBuildPhase section */

/* Begin PBXGroup section */
		524B8ACB1EBB27F100AFD1EC = {
			isa = PBXGroup;
			children = (
				524B8AD61EBB27F100AFD1EC /* FunkyFish */,
				524B8AD51EBB27F100AFD1EC /* Products */,
			);
			sourceTree = "<group>";
		};
		524B8AD51EBB27F100AFD1EC /* Products */ = {
			isa = PBXGroup;
			children = (
				524B8AD41EBB27F100AFD1EC /* FunkyFish.app */,
			);
			name = Products;
			sourceTree = "<group>";
		};
		524B8AD61EBB27F100AFD1EC /* FunkyFish */ = {
			isa = PBXGroup;
			children = (
				524B8AF21EBB28BE00AFD1EC /* Classes */,
				524B8AEF1EBB288600AFD1EC /* Scene */,
				524B8AD71EBB27F100AFD1EC /* AppDelegate.swift */,
				524B8ADB1EBB27F100AFD1EC /* Actions.sks */,
				524B8ADD1EBB27F100AFD1EC /* GameScene.swift */,
				524B8AFB1EBB32EB00AFD1EC /* GameViewController.swift */,
				524B8AE11EBB27F100AFD1EC /* Main.storyboard */,
				524B8AE41EBB27F100AFD1EC /* Assets.xcassets */,
				524B8AE61EBB27F100AFD1EC /* LaunchScreen.storyboard */,
				524B8AE91EBB27F100AFD1EC /* Info.plist */,
			);
			path = FunkyFish;
			sourceTree = "<group>";
		};
		524B8AEF1EBB288600AFD1EC /* Scene */ = {
			isa = PBXGroup;
			children = (
				524B8AF01EBB28AE00AFD1EC /* MainMenu.sks */,
				524B8AF61EBB2B3A00AFD1EC /* GameplayScene.sks */,
			);
			name = Scene;
			sourceTree = "<group>";
		};
		524B8AF21EBB28BE00AFD1EC /* Classes */ = {
			isa = PBXGroup;
			children = (
				524B8B001EBB49D300AFD1EC /* Items Controller Classes */,
				524B8AFD1EBB394900AFD1EC /* Player Class */,
				524B8AF31EBB28C600AFD1EC /* Scene Classes */,
			);
			name = Classes;
			sourceTree = "<group>";
		};
		524B8AF31EBB28C600AFD1EC /* Scene Classes */ = {
			isa = PBXGroup;
			children = (
				524B8AF41EBB28EA00AFD1EC /* MainMenuScene.swift */,
				524B8AF91EBB2B8800AFD1EC /* GameplaySceneClass.swift */,
			);
			name = "Scene Classes";
			sourceTree = "<group>";
		};
		524B8AFD1EBB394900AFD1EC /* Player Class */ = {
			isa = PBXGroup;
			children = (
				524B8AFE1EBB395A00AFD1EC /* Player.swift */,
			);
			name = "Player Class";
			sourceTree = "<group>";
		};
		524B8B001EBB49D300AFD1EC /* Items Controller Classes */ = {
			isa = PBXGroup;
			children = (
				524B8B011EBB49F900AFD1EC /* ItemController.swift */,
			);
			name = "Items Controller Classes";
			sourceTree = "<group>";
		};
/* End PBXGroup section */

/* Begin PBXNativeTarget section */
		524B8AD31EBB27F100AFD1EC /* FunkyFish */ = {
			isa = PBXNativeTarget;
			buildConfigurationList = 524B8AEC1EBB27F100AFD1EC /* Build configuration list for PBXNativeTarget "FunkyFish" */;
			buildPhases = (
				524B8AD01EBB27F100AFD1EC /* Sources */,
				524B8AD11EBB27F100AFD1EC /* Frameworks */,
				524B8AD21EBB27F100AFD1EC /* Resources */,
			);
			buildRules = (
			);
			dependencies = (
			);
			name = FunkyFish;
			productName = FunkyFish;
			productReference = 524B8AD41EBB27F100AFD1EC /* FunkyFish.app */;
			productType = "com.apple.product-type.application";
		};
/* End PBXNativeTarget section */

/* Begin PBXProject section */
		524B8ACC1EBB27F100AFD1EC /* Project object */ = {
			isa = PBXProject;
			attributes = {
				LastSwiftUpdateCheck = 0820;
				LastUpgradeCheck = 0820;
				ORGANIZATIONNAME = John;
				TargetAttributes = {
					524B8AD31EBB27F100AFD1EC = {
						CreatedOnToolsVersion = 8.2.1;
						DevelopmentTeam = 44W3VXH6S2;
						ProvisioningStyle = Automatic;
					};
				};
			};
			buildConfigurationList = 524B8ACF1EBB27F100AFD1EC /* Build configuration list for PBXProject "FunkyFish" */;
			compatibilityVersion = "Xcode 3.2";
			developmentRegion = English;
			hasScannedForEncodings = 0;
			knownRegions = (
				en,
				Base,
			);
			mainGroup = 524B8ACB1EBB27F100AFD1EC;
			productRefGroup = 524B8AD51EBB27F100AFD1EC /* Products */;
			projectDirPath = "";
			projectRoot = "";
			targets = (
				524B8AD31EBB27F100AFD1EC /* FunkyFish */,
			);
		};
/* End PBXProject section */

/* Begin PBXResourcesBuildPhase section */
		524B8AD21EBB27F100AFD1EC /* Resources */ = {
			isa = PBXResourcesBuildPhase;
			buildActionMask = 2147483647;
			files = (
				524B8AE31EBB27F100AFD1EC /* Main.storyboard in Resources */,
				524B8AE51EBB27F100AFD1EC /* Assets.xcassets in Resources */,
				524B8AE81EBB27F100AFD1EC /* LaunchScreen.storyboard in Resources */,
				524B8AF11EBB28AE00AFD1EC /* MainMenu.sks in Resources */,
				524B8AF71EBB2B3A00AFD1EC /* GameplayScene.sks in Resources */,
				524B8ADC1EBB27F100AFD1EC /* Actions.sks in Resources */,
			);
			runOnlyForDeploymentPostprocessing = 0;
		};
/* End PBXResourcesBuildPhase section */

/* Begin PBXSourcesBuildPhase section */
		524B8AD01EBB27F100AFD1EC /* Sources */ = {
			isa = PBXSourcesBuildPhase;
			buildActionMask = 2147483647;
			files = (
				524B8B021EBB49F900AFD1EC /* ItemController.swift in Sources */,
				524B8AFC1EBB32EB00AFD1EC /* GameViewController.swift in Sources */,
				524B8AF51EBB28EA00AFD1EC /* MainMenuScene.swift in Sources */,
				524B8ADE1EBB27F100AFD1EC /* GameScene.swift in Sources */,
				524B8AD81EBB27F100AFD1EC /* AppDelegate.swift in Sources */,
				524B8AFF1EBB395A00AFD1EC /* Player.swift in Sources */,
				524B8AFA1EBB2B8800AFD1EC /* GameplaySceneClass.swift in Sources */,
			);
			runOnlyForDeploymentPostprocessing = 0;
		};
/* End PBXSourcesBuildPhase section */

/* Begin PBXVariantGroup section */
		524B8AE11EBB27F100AFD1EC /* Main.storyboard */ = {
			isa = PBXVariantGroup;
			children = (
				524B8AE21EBB27F100AFD1EC /* Base */,
			);
			name = Main.storyboard;
			sourceTree = "<group>";
		};
		524B8AE61EBB27F100AFD1EC /* LaunchScreen.storyboard */ = {
			isa = PBXVariantGroup;
			children = (
				524B8AE71EBB27F100AFD1EC /* Base */,
			);
			name = LaunchScreen.storyboard;
			sourceTree = "<group>";
		};
/* End PBXVariantGroup section */

/* Begin XCBuildConfiguration section */
		524B8AEA1EBB27F100AFD1EC /* Debug */ = {
			isa = XCBuildConfiguration;
			buildSettings = {
				ALWAYS_SEARCH_USER_PATHS = NO;
				CLANG_ANALYZER_NONNULL = YES;
				CLANG_CXX_LANGUAGE_STANDARD = "gnu++0x";
				CLANG_CXX_LIBRARY = "libc++";
				CLANG_ENABLE_MODULES = YES;
				CLANG_ENABLE_OBJC_ARC = YES;
				CLANG_WARN_BOOL_CONVERSION = YES;
				CLANG_WARN_CONSTANT_CONVERSION = YES;
				CLANG_WARN_DIRECT_OBJC_ISA_USAGE = YES_ERROR;
				CLANG_WARN_DOCUMENTATION_COMMENTS = YES;
				CLANG_WARN_EMPTY_BODY = YES;
				CLANG_WARN_ENUM_CONVERSION = YES;
				CLANG_WARN_INFINITE_RECURSION = YES;
				CLANG_WARN_INT_CONVERSION = YES;
				CLANG_WARN_OBJC_ROOT_CLASS = YES_ERROR;
				CLANG_WARN_SUSPICIOUS_MOVE = YES;
				CLANG_WARN_UNREACHABLE_CODE = YES;
				CLANG_WARN__DUPLICATE_METHOD_MATCH = YES;
				"CODE_SIGN_IDENTITY[sdk=iphoneos*]" = "iPhone Developer";
				COPY_PHASE_STRIP = NO;
				DEBUG_INFORMATION_FORMAT = dwarf;
				ENABLE_STRICT_OBJC_MSGSEND = YES;
				ENABLE_TESTABILITY = YES;
				GCC_C_LANGUAGE_STANDARD = gnu99;
				GCC_DYNAMIC_NO_PIC = NO;
				GCC_NO_COMMON_BLOCKS = YES;
				GCC_OPTIMIZATION_LEVEL = 0;
				GCC_PREPROCESSOR_DEFINITIONS = (
					"DEBUG=1",
					"$(inherited)",
				);
				GCC_WARN_64_TO_32_BIT_CONVERSION = YES;
				GCC_WARN_ABOUT_RETURN_TYPE = YES_ERROR;
				GCC_WARN_UNDECLARED_SELECTOR = YES;
				GCC_WARN_UNINITIALIZED_AUTOS = YES_AGGRESSIVE;
				GCC_WARN_UNUSED_FUNCTION = YES;
				GCC_WARN_UNUSED_VARIABLE = YES;
				IPHONEOS_DEPLOYMENT_TARGET = 10.2;
				MTL_ENABLE_DEBUG_INFO = YES;
				ONLY_ACTIVE_ARCH = YES;
				SDKROOT = iphoneos;
				SWIFT_ACTIVE_COMPILATION_CONDITIONS = DEBUG;
				SWIFT_OPTIMIZATION_LEVEL = "-Onone";
			};
			name = Debug;
		};
		524B8AEB1EBB27F100AFD1EC /* Release */ = {
			isa = XCBuildConfiguration;
			buildSettings = {
				ALWAYS_SEARCH_USER_PATHS = NO;
				CLANG_ANALYZER_NONNULL = YES;
				CLANG_CXX_LANGUAGE_STANDARD = "gnu++0x";
				CLANG_CXX_LIBRARY = "libc++";
				CLANG_ENABLE_MODULES = YES;
				CLANG_ENABLE_OBJC_ARC = YES;
				CLANG_WARN_BOOL_CONVERSION = YES;
				CLANG_WARN_CONSTANT_CONVERSION = YES;
				CLANG_WARN_DIRECT_OBJC_ISA_USAGE = YES_ERROR;
				CLANG_WARN_DOCUMENTATION_COMMENTS = YES;
				CLANG_WARN_EMPTY_BODY = YES;
				CLANG_WARN_ENUM_CONVERSION = YES;
				CLANG_WARN_INFINITE_RECURSION = YES;
				CLANG_WARN_INT_CONVERSION = YES;
				CLANG_WARN_OBJC_ROOT_CLASS = YES_ERROR;
				CLANG_WARN_SUSPICIOUS_MOVE = YES;
				CLANG_WARN_UNREACHABLE_CODE = YES;
				CLANG_WARN__DUPLICATE_METHOD_MATCH = YES;
				"CODE_SIGN_IDENTITY[sdk=iphoneos*]" = "iPhone Developer";
				COPY_PHASE_STRIP = NO;
				DEBUG_INFORMATION_FORMAT = "dwarf-with-dsym";
				ENABLE_NS_ASSERTIONS = NO;
				ENABLE_STRICT_OBJC_MSGSEND = YES;
				GCC_C_LANGUAGE_STANDARD = gnu99;
				GCC_NO_COMMON_BLOCKS = YES;
				GCC_WARN_64_TO_32_BIT_CONVERSION = YES;
				GCC_WARN_ABOUT_RETURN_TYPE = YES_ERROR;
				GCC_WARN_UNDECLARED_SELECTOR = YES;
				GCC_WARN_UNINITIALIZED_AUTOS = YES_AGGRESSIVE;
				GCC_WARN_UNUSED_FUNCTION = YES;
				GCC_WARN_UNUSED_VARIABLE = YES;
				IPHONEOS_DEPLOYMENT_TARGET = 10.2;
				MTL_ENABLE_DEBUG_INFO = NO;
				SDKROOT = iphoneos;
				SWIFT_OPTIMIZATION_LEVEL = "-Owholemodule";
				VALIDATE_PRODUCT = YES;
			};
			name = Release;
		};
		524B8AED1EBB27F100AFD1EC /* Debug */ = {
			isa = XCBuildConfiguration;
			buildSettings = {
				ASSETCATALOG_COMPILER_APPICON_NAME = AppIcon;
				DEVELOPMENT_TEAM = 44W3VXH6S2;
				INFOPLIST_FILE = FunkyFish/Info.plist;
				LD_RUNPATH_SEARCH_PATHS = "$(inherited) @executable_path/Frameworks";
				PRODUCT_BUNDLE_IDENTIFIER = me.JohnHalley.FunkyFish;
				PRODUCT_NAME = "$(TARGET_NAME)";
				SWIFT_VERSION = 3.0;
			};
			name = Debug;
		};
		524B8AEE1EBB27F100AFD1EC /* Release */ = {
			isa = XCBuildConfiguration;
			buildSettings = {
				ASSETCATALOG_COMPILER_APPICON_NAME = AppIcon;
				DEVELOPMENT_TEAM = 44W3VXH6S2;
				INFOPLIST_FILE = FunkyFish/Info.plist;
				LD_RUNPATH_SEARCH_PATHS = "$(inherited) @executable_path/Frameworks";
				PRODUCT_BUNDLE_IDENTIFIER = me.JohnHalley.FunkyFish;
				PRODUCT_NAME = "$(TARGET_NAME)";
				SWIFT_VERSION = 3.0;
			};
			name = Release;
		};
/* End XCBuildConfiguration section */

/* Begin XCConfigurationList section */
		524B8ACF1EBB27F100AFD1EC /* Build configuration list for PBXProject "FunkyFish" */ = {
			isa = XCConfigurationList;
			buildConfigurations = (
				524B8AEA1EBB27F100AFD1EC /* Debug */,
				524B8AEB1EBB27F100AFD1EC /* Release */,
			);
			defaultConfigurationIsVisible = 0;
			defaultConfigurationName = Release;
		};
		524B8AEC1EBB27F100AFD1EC /* Build configuration list for PBXNativeTarget "FunkyFish" */ = {
			isa = XCConfigurationList;
			buildConfigurations = (
				524B8AED1EBB27F100AFD1EC /* Debug */,
				524B8AEE1EBB27F100AFD1EC /* Release */,
			);
			defaultConfigurationIsVisible = 0;
			defaultConfigurationName = Release;
		};
/* End XCConfigurationList section */
	};
	rootObject = 524B8ACC1EBB27F100AFD1EC /* Project object */;
}
